
Microsoft Visual Studio Solution File, Format Version 12.00
# Visual Studio Version 16
VisualStudioVersion = 16.0.29102.190
MinimumVisualStudioVersion = 10.0.40219.1
Project("{FAE04EC0-301F-11D3-BF4B-00C04F79EFBC}") = "NL.Framework.BLL", "NL.Framework.BLL\NL.Framework.BLL.csproj", "{CC693A27-4142-4563-8326-6BE4D4371364}"
EndProject
Project("{FAE04EC0-301F-11D3-BF4B-00C04F79EFBC}") = "NL.Framework.IBLL", "NL.Framework.IBLL\NL.Framework.IBLL.csproj", "{B9125CEC-0E55-4011-A443-2F0D337B52A1}"
EndProject
Project("{FAE04EC0-301F-11D3-BF4B-00C04F79EFBC}") = "NL.Framework.Core", "NL.Framework.Core\NL.Framework.Core.csproj", "{B3CEC452-8B25-41C9-B7FB-FC9A0DA74839}"
EndProject
Project("{FAE04EC0-301F-11D3-BF4B-00C04F79EFBC}") = "NL.Framework.DAL", "NL.Framework.DAL\NL.Framework.DAL.csproj", "{E3F96973-88CA-488E-AA52-8BD32F896266}"
EndProject
Project("{FAE04EC0-301F-11D3-BF4B-00C04F79EFBC}") = "NL.Framework.IDAL", "NL.Framework.IDAL\NL.Framework.IDAL.csproj", "{B950E470-D7A5-42BD-9EE7-C882B5B68966}"
EndProject
Project("{FAE04EC0-301F-11D3-BF4B-00C04F79EFBC}") = "NL.Framework.Model", "NL.Framework.Model\NL.Framework.Model.csproj", "{1DEDA5BD-EA4B-47B1-8E13-6CE29F6319C6}"
EndProject
Project("{FAE04EC0-301F-11D3-BF4B-00C04F79EFBC}") = "NL.Framework.Common", "NL.Framework.Common\NL.Framework.Common.csproj", "{D7DFEF58-B527-463F-B418-AA8E0769406A}"
EndProject
Project("{FAE04EC0-301F-11D3-BF4B-00C04F79EFBC}") = "NL.Framework.Web", "NL.Framework.Web\NL.Framework.Web.csproj", "{E1A3C8A9-DB36-42E1-90DA-721CBA37B977}"
EndProject
Global
	GlobalSection(SolutionConfigurationPlatforms) = preSolution
		Debug|Any CPU = Debug|Any CPU
		Release|Any CPU = Release|Any CPU
	EndGlobalSection
	GlobalSection(ProjectConfigurationPlatforms) = postSolution
		{CC693A27-4142-4563-8326-6BE4D4371364}.Debug|Any CPU.ActiveCfg = Debug|Any CPU
		{CC693A27-4142-4563-8326-6BE4D4371364}.Debug|Any CPU.Build.0 = Debug|Any CPU
		{CC693A27-4142-4563-8326-6BE4D4371364}.Release|Any CPU.ActiveCfg = Release|Any CPU
		{CC693A27-4142-4563-8326-6BE4D4371364}.Release|Any CPU.Build.0 = Release|Any CPU
		{B9125CEC-0E55-4011-A443-2F0D337B52A1}.Debug|Any CPU.ActiveCfg = Debug|Any CPU
		{B9125CEC-0E55-4011-A443-2F0D337B52A1}.Debug|Any CPU.Build.0 = Debug|Any CPU
		{B9125CEC-0E55-4011-A443-2F0D337B52A1}.Release|Any CPU.ActiveCfg = Release|Any CPU
		{B9125CEC-0E55-4011-A443-2F0D337B52A1}.Release|Any CPU.Build.0 = Release|Any CPU
		{B3CEC452-8B25-41C9-B7FB-FC9A0DA74839}.Debug|Any CPU.ActiveCfg = Debug|Any CPU
		{B3CEC452-8B25-41C9-B7FB-FC9A0DA74839}.Debug|Any CPU.Build.0 = Debug|Any CPU
		{B3CEC452-8B25-41C9-B7FB-FC9A0DA74839}.Release|Any CPU.ActiveCfg = Release|Any CPU
		{B3CEC452-8B25-41C9-B7FB-FC9A0DA74839}.Release|Any CPU.Build.0 = Release|Any CPU
		{E3F96973-88CA-488E-AA52-8BD32F896266}.Debug|Any CPU.ActiveCfg = Debug|Any CPU
		{E3F96973-88CA-488E-AA52-8BD32F896266}.Debug|Any CPU.Build.0 = Debug|Any CPU
		{E3F96973-88CA-488E-AA52-8BD32F896266}.Release|Any CPU.ActiveCfg = Release|Any CPU
		{E3F96973-88CA-488E-AA52-8BD32F896266}.Release|Any CPU.Build.0 = Release|Any CPU
		{B950E470-D7A5-42BD-9EE7-C882B5B68966}.Debug|Any CPU.ActiveCfg = Debug|Any CPU
		{B950E470-D7A5-42BD-9EE7-C882B5B68966}.Debug|Any CPU.Build.0 = Debug|Any CPU
		{B950E470-D7A5-42BD-9EE7-C882B5B68966}.Release|Any CPU.ActiveCfg = Release|Any CPU
		{B950E470-D7A5-42BD-9EE7-C882B5B68966}.Release|Any CPU.Build.0 = Release|Any CPU
		{1DEDA5BD-EA4B-47B1-8E13-6CE29F6319C6}.Debug|Any CPU.ActiveCfg = Debug|Any CPU
		{1DEDA5BD-EA4B-47B1-8E13-6CE29F6319C6}.Debug|Any CPU.Build.0 = Debug|Any CPU
		{1DEDA5BD-EA4B-47B1-8E13-6CE29F6319C6}.Release|Any CPU.ActiveCfg = Release|Any CPU
		{1DEDA5BD-EA4B-47B1-8E13-6CE29F6319C6}.Release|Any CPU.Build.0 = Release|Any CPU
		{D7DFEF58-B527-463F-B418-AA8E0769406A}.Debug|Any CPU.ActiveCfg = Debug|Any CPU
		{D7DFEF58-B527-463F-B418-AA8E0769406A}.Debug|Any CPU.Build.0 = Debug|Any CPU
		{D7DFEF58-B527-463F-B418-AA8E0769406A}.Release|Any CPU.ActiveCfg = Release|Any CPU
		{D7DFEF58-B527-463F-B418-AA8E0769406A}.Release|Any CPU.Build.0 = Release|Any CPU
		{E1A3C8A9-DB36-42E1-90DA-721CBA37B977}.Debug|Any CPU.ActiveCfg = Debug|Any CPU
		{E1A3C8A9-DB36-42E1-90DA-721CBA37B977}.Debug|Any CPU.Build.0 = Debug|Any CPU
		{E1A3C8A9-DB36-42E1-90DA-721CBA37B977}.Release|Any CPU.ActiveCfg = Release|Any CPU
		{E1A3C8A9-DB36-42E1-90DA-721CBA37B977}.Release|Any CPU.Build.0 = Release|Any CPU
	EndGlobalSection
	GlobalSection(SolutionProperties) = preSolution
		HideSolutionNode = FALSE
	EndGlobalSection
	GlobalSection(ExtensibilityGlobals) = postSolution
		SolutionGuid = {32622EE6-9C5F-4C52-9CAA-202FA80E5EB3}
	EndGlobalSection
EndGlobal
